
Microsoft Visual Studio Solution File, Format Version 12.00
# Visual Studio 15
VisualStudioVersion = 15.0.27703.2035
MinimumVisualStudioVersion = 10.0.40219.1
Project("{FAE04EC0-301F-11D3-BF4B-00C04F79EFBC}") = "Gamestart", "Gamestart\Gamestart.csproj", "{F204C9A1-BF5F-4763-9F0F-62CBAF52B1FA}"
EndProject
Global
	GlobalSection(SolutionConfigurationPlatforms) = preSolution
		Debug|Any CPU = Debug|Any CPU
		Release|Any CPU = Release|Any CPU
	EndGlobalSection
	GlobalSection(ProjectConfigurationPlatforms) = postSolution
		{F204C9A1-BF5F-4763-9F0F-62CBAF52B1FA}.Debug|Any CPU.ActiveCfg = Debug|Any CPU
		{F204C9A1-BF5F-4763-9F0F-62CBAF52B1FA}.Debug|Any CPU.Build.0 = Debug|Any CPU
		{F204C9A1-BF5F-4763-9F0F-62CBAF52B1FA}.Release|Any CPU.ActiveCfg = Release|Any CPU
		{F204C9A1-BF5F-4763-9F0F-62CBAF52B1FA}.Release|Any CPU.Build.0 = Release|Any CPU
	EndGlobalSection
	GlobalSection(SolutionProperties) = preSolution
		HideSolutionNode = FALSE
	EndGlobalSection
	GlobalSection(ExtensibilityGlobals) = postSolution
		SolutionGuid = {CCAA0545-D1F2-4B02-A434-78A1C020E664}
	EndGlobalSection
EndGlobal
